
Microsoft Visual Studio Solution File, Format Version 12.00
# Visual Studio 15
VisualStudioVersion = 15.0.27130.2027
MinimumVisualStudioVersion = 10.0.40219.1
Project("{FAE04EC0-301F-11D3-BF4B-00C04F79EFBC}") = "GamePhotonServer", "GamePhotonServer\GamePhotonServer.csproj", "{2CA78A0D-758A-4F32-833D-5EFC08DBF67E}"
EndProject
Global
	GlobalSection(SolutionConfigurationPlatforms) = preSolution
		Debug|Any CPU = Debug|Any CPU
		Release|Any CPU = Release|Any CPU
	EndGlobalSection
	GlobalSection(ProjectConfigurationPlatforms) = postSolution
		{2CA78A0D-758A-4F32-833D-5EFC08DBF67E}.Debug|Any CPU.ActiveCfg = Debug|Any CPU
		{2CA78A0D-758A-4F32-833D-5EFC08DBF67E}.Debug|Any CPU.Build.0 = Debug|Any CPU
		{2CA78A0D-758A-4F32-833D-5EFC08DBF67E}.Release|Any CPU.ActiveCfg = Release|Any CPU
		{2CA78A0D-758A-4F32-833D-5EFC08DBF67E}.Release|Any CPU.Build.0 = Release|Any CPU
	EndGlobalSection
	GlobalSection(SolutionProperties) = preSolution
		HideSolutionNode = FALSE
	EndGlobalSection
	GlobalSection(ExtensibilityGlobals) = postSolution
		SolutionGuid = {78A5E39D-6BD4-4F56-9CED-444AD7E9E6FB}
	EndGlobalSection
EndGlobal
